
Microsoft Visual Studio Solution File, Format Version 12.00
# Visual Studio Version 16
VisualStudioVersion = 16.0.29418.71
MinimumVisualStudioVersion = 10.0.40219.1
Project("{9A19103F-16F7-4668-BE54-9A1E7A4F7556}") = "StarsInterface_dotNetStandard", "StarsInterface_dotNetStandard\StarsInterface_dotNetStandard.csproj", "{279D7BD6-217C-4C88-9591-A71AAD284A47}"
EndProject
Global
	GlobalSection(SolutionConfigurationPlatforms) = preSolution
		Debug|Any CPU = Debug|Any CPU
		Release|Any CPU = Release|Any CPU
	EndGlobalSection
	GlobalSection(ProjectConfigurationPlatforms) = postSolution
		{279D7BD6-217C-4C88-9591-A71AAD284A47}.Debug|Any CPU.ActiveCfg = Debug|Any CPU
		{279D7BD6-217C-4C88-9591-A71AAD284A47}.Debug|Any CPU.Build.0 = Debug|Any CPU
		{279D7BD6-217C-4C88-9591-A71AAD284A47}.Release|Any CPU.ActiveCfg = Release|Any CPU
		{279D7BD6-217C-4C88-9591-A71AAD284A47}.Release|Any CPU.Build.0 = Release|Any CPU
	EndGlobalSection
	GlobalSection(SolutionProperties) = preSolution
		HideSolutionNode = FALSE
	EndGlobalSection
	GlobalSection(ExtensibilityGlobals) = postSolution
		SolutionGuid = {26F4ED5B-FC35-4520-A082-461B7E3B6774}
	EndGlobalSection
EndGlobal
